// !$*UTF8*$!
{
	archiveVersion = 1;
	classes = {
	};
	objectVersion = 56;
	objects = {

/* Begin PBXBuildFile section */
		3DB227E42B83E1D300FC14E7 /* TiendaUIApp.swift in Sources */ = {isa = PBXBuildFile; fileRef = 3DB227E32B83E1D300FC14E7 /* TiendaUIApp.swift */; };
		3DB227E62B83E1D300FC14E7 /* ContentView.swift in Sources */ = {isa = PBXBuildFile; fileRef = 3DB227E52B83E1D300FC14E7 /* ContentView.swift */; };
		3DB227E82B83E1DF00FC14E7 /* Assets.xcassets in Resources */ = {isa = PBXBuildFile; fileRef = 3DB227E72B83E1DF00FC14E7 /* Assets.xcassets */; };
		3DB227EB2B83E1DF00FC14E7 /* Preview Assets.xcassets in Resources */ = {isa = PBXBuildFile; fileRef = 3DB227EA2B83E1DF00FC14E7 /* Preview Assets.xcassets */; };
		3DB227F22B83E1F500FC14E7 /* productos.json in Resources */ = {isa = PBXBuildFile; fileRef = 3DB227F12B83E1F500FC14E7 /* productos.json */; };
		3DB227F42B83E53000FC14E7 /* Helper.swift in Sources */ = {isa = PBXBuildFile; fileRef = 3DB227F32B83E53000FC14E7 /* Helper.swift */; };
		3DC01E702B83ED1A00ADBA1A /* Productos.swift in Sources */ = {isa = PBXBuildFile; fileRef = 3DC01E6F2B83ED1A00ADBA1A /* Productos.swift */; };
		3DC01E722B83EF3100ADBA1A /* ItemRow.swift in Sources */ = {isa = PBXBuildFile; fileRef = 3DC01E712B83EF3100ADBA1A /* ItemRow.swift */; };
		3DC01E742B83EF3F00ADBA1A /* ItemDetail.swift in Sources */ = {isa = PBXBuildFile; fileRef = 3DC01E732B83EF3F00ADBA1A /* ItemDetail.swift */; };
/* End PBXBuildFile section */

/* Begin PBXFileReference section */
		3DB227E02B83E1D300FC14E7 /* TiendaUI.app */ = {isa = PBXFileReference; explicitFileType = wrapper.application; includeInIndex = 0; path = TiendaUI.app; sourceTree = BUILT_PRODUCTS_DIR; };
		3DB227E32B83E1D300FC14E7 /* TiendaUIApp.swift */ = {isa = PBXFileReference; lastKnownFileType = sourcecode.swift; path = TiendaUIApp.swift; sourceTree = "<group>"; };
		3DB227E52B83E1D300FC14E7 /* ContentView.swift */ = {isa = PBXFileReference; lastKnownFileType = sourcecode.swift; path = ContentView.swift; sourceTree = "<group>"; };
		3DB227E72B83E1DF00FC14E7 /* Assets.xcassets */ = {isa = PBXFileReference; lastKnownFileType = folder.assetcatalog; path = Assets.xcassets; sourceTree = "<group>"; };
		3DB227EA2B83E1DF00FC14E7 /* Preview Assets.xcassets */ = {isa = PBXFileReference; lastKnownFileType = folder.assetcatalog; path = "Preview Assets.xcassets"; sourceTree = "<group>"; };
		3DB227F12B83E1F500FC14E7 /* productos.json */ = {isa = PBXFileReference; fileEncoding = 4; lastKnownFileType = text.json; path = productos.json; sourceTree = "<group>"; };
		3DB227F32B83E53000FC14E7 /* Helper.swift */ = {isa = PBXFileReference; lastKnownFileType = sourcecode.swift; path = Helper.swift; sourceTree = "<group>"; };
		3DC01E6F2B83ED1A00ADBA1A /* Productos.swift */ = {isa = PBXFileReference; lastKnownFileType = sourcecode.swift; path = Productos.swift; sourceTree = "<group>"; };
		3DC01E712B83EF3100ADBA1A /* ItemRow.swift */ = {isa = PBXFileReference; lastKnownFileType = sourcecode.swift; path = ItemRow.swift; sourceTree = "<group>"; };
		3DC01E732B83EF3F00ADBA1A /* ItemDetail.swift */ = {isa = PBXFileReference; lastKnownFileType = sourcecode.swift; path = ItemDetail.swift; sourceTree = "<group>"; };
/* End PBXFileReference section */

/* Begin PBXFrameworksBuildPhase section */
		3DB227DD2B83E1D300FC14E7 /* Frameworks */ = {
			isa = PBXFrameworksBuildPhase;
			buildActionMask = 2147483647;
			files = (
			);
			runOnlyForDeploymentPostprocessing = 0;
		};
/* End PBXFrameworksBuildPhase section */

/* Begin PBXGroup section */
		3DB227D72B83E1D300FC14E7 = {
			isa = PBXGroup;
			children = (
				3DB227E22B83E1D300FC14E7 /* TiendaUI */,
				3DB227E12B83E1D300FC14E7 /* Products */,
			);
			sourceTree = "<group>";
		};
		3DB227E12B83E1D300FC14E7 /* Products */ = {
			isa = PBXGroup;
			children = (
				3DB227E02B83E1D300FC14E7 /* TiendaUI.app */,
			);
			name = Products;
			sourceTree = "<group>";
		};
		3DB227E22B83E1D300FC14E7 /* TiendaUI */ = {
			isa = PBXGroup;
			children = (
				3DB227E32B83E1D300FC14E7 /* TiendaUIApp.swift */,
				3DC01E752B83EF5A00ADBA1A /* Model */,
				3DB227F52B83E55B00FC14E7 /* Views */,
				3DB227F32B83E53000FC14E7 /* Helper.swift */,
				3DB227E72B83E1DF00FC14E7 /* Assets.xcassets */,
				3DB227F12B83E1F500FC14E7 /* productos.json */,
				3DB227E92B83E1DF00FC14E7 /* Preview Content */,
			);
			path = TiendaUI;
			sourceTree = "<group>";
		};
		3DB227E92B83E1DF00FC14E7 /* Preview Content */ = {
			isa = PBXGroup;
			children = (
				3DB227EA2B83E1DF00FC14E7 /* Preview Assets.xcassets */,
			);
			path = "Preview Content";
			sourceTree = "<group>";
		};
		3DB227F52B83E55B00FC14E7 /* Views */ = {
			isa = PBXGroup;
			children = (
				3DB227E52B83E1D300FC14E7 /* ContentView.swift */,
				3DC01E712B83EF3100ADBA1A /* ItemRow.swift */,
				3DC01E732B83EF3F00ADBA1A /* ItemDetail.swift */,
			);
			path = Views;
			sourceTree = "<group>";
		};
		3DC01E752B83EF5A00ADBA1A /* Model */ = {
			isa = PBXGroup;
			children = (
				3DC01E6F2B83ED1A00ADBA1A /* Productos.swift */,
			);
			path = Model;
			sourceTree = "<group>";
		};
/* End PBXGroup section */

/* Begin PBXNativeTarget section */
		3DB227DF2B83E1D300FC14E7 /* TiendaUI */ = {
			isa = PBXNativeTarget;
			buildConfigurationList = 3DB227EE2B83E1DF00FC14E7 /* Build configuration list for PBXNativeTarget "TiendaUI" */;
			buildPhases = (
				3DB227DC2B83E1D300FC14E7 /* Sources */,
				3DB227DD2B83E1D300FC14E7 /* Frameworks */,
				3DB227DE2B83E1D300FC14E7 /* Resources */,
			);
			buildRules = (
			);
			dependencies = (
			);
			name = TiendaUI;
			productName = TiendaUI;
			productReference = 3DB227E02B83E1D300FC14E7 /* TiendaUI.app */;
			productType = "com.apple.product-type.application";
		};
/* End PBXNativeTarget section */

/* Begin PBXProject section */
		3DB227D82B83E1D300FC14E7 /* Project object */ = {
			isa = PBXProject;
			attributes = {
				BuildIndependentTargetsInParallel = 1;
				LastSwiftUpdateCheck = 1520;
				LastUpgradeCheck = 1520;
				TargetAttributes = {
					3DB227DF2B83E1D300FC14E7 = {
						CreatedOnToolsVersion = 15.2;
					};
				};
			};
			buildConfigurationList = 3DB227DB2B83E1D300FC14E7 /* Build configuration list for PBXProject "TiendaUI" */;
			compatibilityVersion = "Xcode 14.0";
			developmentRegion = en;
			hasScannedForEncodings = 0;
			knownRegions = (
				en,
				Base,
			);
			mainGroup = 3DB227D72B83E1D300FC14E7;
			productRefGroup = 3DB227E12B83E1D300FC14E7 /* Products */;
			projectDirPath = "";
			projectRoot = "";
			targets = (
				3DB227DF2B83E1D300FC14E7 /* TiendaUI */,
			);
		};
/* End PBXProject section */

/* Begin PBXResourcesBuildPhase section */
		3DB227DE2B83E1D300FC14E7 /* Resources */ = {
			isa = PBXResourcesBuildPhase;
			buildActionMask = 2147483647;
			files = (
				3DB227EB2B83E1DF00FC14E7 /* Preview Assets.xcassets in Resources */,
				3DB227E82B83E1DF00FC14E7 /* Assets.xcassets in Resources */,
				3DB227F22B83E1F500FC14E7 /* productos.json in Resources */,
			);
			runOnlyForDeploymentPostprocessing = 0;
		};
/* End PBXResourcesBuildPhase section */

/* Begin PBXSourcesBuildPhase section */
		3DB227DC2B83E1D300FC14E7 /* Sources */ = {
			isa = PBXSourcesBuildPhase;
			buildActionMask = 2147483647;
			files = (
				3DB227E62B83E1D300FC14E7 /* ContentView.swift in Sources */,
				3DC01E742B83EF3F00ADBA1A /* ItemDetail.swift in Sources */,
				3DC01E702B83ED1A00ADBA1A /* Productos.swift in Sources */,
				3DC01E722B83EF3100ADBA1A /* ItemRow.swift in Sources */,
				3DB227E42B83E1D300FC14E7 /* TiendaUIApp.swift in Sources */,
				3DB227F42B83E53000FC14E7 /* Helper.swift in Sources */,
			);
			runOnlyForDeploymentPostprocessing = 0;
		};
/* End PBXSourcesBuildPhase section */

/* Begin XCBuildConfiguration section */
		3DB227EC2B83E1DF00FC14E7 /* Debug */ = {
			isa = XCBuildConfiguration;
			buildSettings = {
				ALWAYS_SEARCH_USER_PATHS = NO;
				ASSETCATALOG_COMPILER_GENERATE_SWIFT_ASSET_SYMBOL_EXTENSIONS = YES;
				CLANG_ANALYZER_NONNULL = YES;
				CLANG_ANALYZER_NUMBER_OBJECT_CONVERSION = YES_AGGRESSIVE;
				CLANG_CXX_LANGUAGE_STANDARD = "gnu++20";
				CLANG_ENABLE_MODULES = YES;
				CLANG_ENABLE_OBJC_ARC = YES;
				CLANG_ENABLE_OBJC_WEAK = YES;
				CLANG_WARN_BLOCK_CAPTURE_AUTORELEASING = YES;
				CLANG_WARN_BOOL_CONVERSION = YES;
				CLANG_WARN_COMMA = YES;
				CLANG_WARN_CONSTANT_CONVERSION = YES;
				CLANG_WARN_DEPRECATED_OBJC_IMPLEMENTATIONS = YES;
				CLANG_WARN_DIRECT_OBJC_ISA_USAGE = YES_ERROR;
				CLANG_WARN_DOCUMENTATION_COMMENTS = YES;
				CLANG_WARN_EMPTY_BODY = YES;
				CLANG_WARN_ENUM_CONVERSION = YES;
				CLANG_WARN_INFINITE_RECURSION = YES;
				CLANG_WARN_INT_CONVERSION = YES;
				CLANG_WARN_NON_LITERAL_NULL_CONVERSION = YES;
				CLANG_WARN_OBJC_IMPLICIT_RETAIN_SELF = YES;
				CLANG_WARN_OBJC_LITERAL_CONVERSION = YES;
				CLANG_WARN_OBJC_ROOT_CLASS = YES_ERROR;
				CLANG_WARN_QUOTED_INCLUDE_IN_FRAMEWORK_HEADER = YES;
				CLANG_WARN_RANGE_LOOP_ANALYSIS = YES;
				CLANG_WARN_STRICT_PROTOTYPES = YES;
				CLANG_WARN_SUSPICIOUS_MOVE = YES;
				CLANG_WARN_UNGUARDED_AVAILABILITY = YES_AGGRESSIVE;
				CLANG_WARN_UNREACHABLE_CODE = YES;
				CLANG_WARN__DUPLICATE_METHOD_MATCH = YES;
				COPY_PHASE_STRIP = NO;
				DEBUG_INFORMATION_FORMAT = dwarf;
				ENABLE_STRICT_OBJC_MSGSEND = YES;
				ENABLE_TESTABILITY = YES;
				ENABLE_USER_SCRIPT_SANDBOXING = YES;
				GCC_C_LANGUAGE_STANDARD = gnu17;
				GCC_DYNAMIC_NO_PIC = NO;
				GCC_NO_COMMON_BLOCKS = YES;
				GCC_OPTIMIZATION_LEVEL = 0;
				GCC_PREPROCESSOR_DEFINITIONS = (
					"DEBUG=1",
					"$(inherited)",
				);
				GCC_WARN_64_TO_32_BIT_CONVERSION = YES;
				GCC_WARN_ABOUT_RETURN_TYPE = YES_ERROR;
				GCC_WARN_UNDECLARED_SELECTOR = YES;
				GCC_WARN_UNINITIALIZED_AUTOS = YES_AGGRESSIVE;
				GCC_WARN_UNUSED_FUNCTION = YES;
				GCC_WARN_UNUSED_VARIABLE = YES;
				IPHONEOS_DEPLOYMENT_TARGET = 17.2;
				LOCALIZATION_PREFERS_STRING_CATALOGS = YES;
				MTL_ENABLE_DEBUG_INFO = INCLUDE_SOURCE;
				MTL_FAST_MATH = YES;
				ONLY_ACTIVE_ARCH = YES;
				SDKROOT = iphoneos;
				SWIFT_ACTIVE_COMPILATION_CONDITIONS = "DEBUG $(inherited)";
				SWIFT_OPTIMIZATION_LEVEL = "-Onone";
			};
			name = Debug;
		};
		3DB227ED2B83E1DF00FC14E7 /* Release */ = {
			isa = XCBuildConfiguration;
			buildSettings = {
				ALWAYS_SEARCH_USER_PATHS = NO;
				ASSETCATALOG_COMPILER_GENERATE_SWIFT_ASSET_SYMBOL_EXTENSIONS = YES;
				CLANG_ANALYZER_NONNULL = YES;
				CLANG_ANALYZER_NUMBER_OBJECT_CONVERSION = YES_AGGRESSIVE;
				CLANG_CXX_LANGUAGE_STANDARD = "gnu++20";
				CLANG_ENABLE_MODULES = YES;
				CLANG_ENABLE_OBJC_ARC = YES;
				CLANG_ENABLE_OBJC_WEAK = YES;
				CLANG_WARN_BLOCK_CAPTURE_AUTORELEASING = YES;
				CLANG_WARN_BOOL_CONVERSION = YES;
				CLANG_WARN_COMMA = YES;
				CLANG_WARN_CONSTANT_CONVERSION = YES;
				CLANG_WARN_DEPRECATED_OBJC_IMPLEMENTATIONS = YES;
				CLANG_WARN_DIRECT_OBJC_ISA_USAGE = YES_ERROR;
				CLANG_WARN_DOCUMENTATION_COMMENTS = YES;
				CLANG_WARN_EMPTY_BODY = YES;
				CLANG_WARN_ENUM_CONVERSION = YES;
				CLANG_WARN_INFINITE_RECURSION = YES;
				CLANG_WARN_INT_CONVERSION = YES;
				CLANG_WARN_NON_LITERAL_NULL_CONVERSION = YES;
				CLANG_WARN_OBJC_IMPLICIT_RETAIN_SELF = YES;
				CLANG_WARN_OBJC_LITERAL_CONVERSION = YES;
				CLANG_WARN_OBJC_ROOT_CLASS = YES_ERROR;
				CLANG_WARN_QUOTED_INCLUDE_IN_FRAMEWORK_HEADER = YES;
				CLANG_WARN_RANGE_LOOP_ANALYSIS = YES;
				CLANG_WARN_STRICT_PROTOTYPES = YES;
				CLANG_WARN_SUSPICIOUS_MOVE = YES;
				CLANG_WARN_UNGUARDED_AVAILABILITY = YES_AGGRESSIVE;
				CLANG_WARN_UNREACHABLE_CODE = YES;
				CLANG_WARN__DUPLICATE_METHOD_MATCH = YES;
				COPY_PHASE_STRIP = NO;
				DEBUG_INFORMATION_FORMAT = "dwarf-with-dsym";
				ENABLE_NS_ASSERTIONS = NO;
				ENABLE_STRICT_OBJC_MSGSEND = YES;
				ENABLE_USER_SCRIPT_SANDBOXING = YES;
				GCC_C_LANGUAGE_STANDARD = gnu17;
				GCC_NO_COMMON_BLOCKS = YES;
				GCC_WARN_64_TO_32_BIT_CONVERSION = YES;
				GCC_WARN_ABOUT_RETURN_TYPE = YES_ERROR;
				GCC_WARN_UNDECLARED_SELECTOR = YES;
				GCC_WARN_UNINITIALIZED_AUTOS = YES_AGGRESSIVE;
				GCC_WARN_UNUSED_FUNCTION = YES;
				GCC_WARN_UNUSED_VARIABLE = YES;
				IPHONEOS_DEPLOYMENT_TARGET = 17.2;
				LOCALIZATION_PREFERS_STRING_CATALOGS = YES;
				MTL_ENABLE_DEBUG_INFO = NO;
				MTL_FAST_MATH = YES;
				SDKROOT = iphoneos;
				SWIFT_COMPILATION_MODE = wholemodule;
				VALIDATE_PRODUCT = YES;
			};
			name = Release;
		};
		3DB227EF2B83E1DF00FC14E7 /* Debug */ = {
			isa = XCBuildConfiguration;
			buildSettings = {
				ASSETCATALOG_COMPILER_APPICON_NAME = AppIcon;
				ASSETCATALOG_COMPILER_GLOBAL_ACCENT_COLOR_NAME = AccentColor;
				CODE_SIGN_STYLE = Automatic;
				CURRENT_PROJECT_VERSION = 1;
				DEVELOPMENT_ASSET_PATHS = "\"TiendaUI/Preview Content\"";
				ENABLE_PREVIEWS = YES;
				GENERATE_INFOPLIST_FILE = YES;
				INFOPLIST_KEY_UIApplicationSceneManifest_Generation = YES;
				INFOPLIST_KEY_UIApplicationSupportsIndirectInputEvents = YES;
				INFOPLIST_KEY_UILaunchScreen_Generation = YES;
				INFOPLIST_KEY_UISupportedInterfaceOrientations_iPad = "UIInterfaceOrientationPortrait UIInterfaceOrientationPortraitUpsideDown UIInterfaceOrientationLandscapeLeft UIInterfaceOrientationLandscapeRight";
				INFOPLIST_KEY_UISupportedInterfaceOrientations_iPhone = "UIInterfaceOrientationPortrait UIInterfaceOrientationLandscapeLeft UIInterfaceOrientationLandscapeRight";
				LD_RUNPATH_SEARCH_PATHS = (
					"$(inherited)",
					"@executable_path/Frameworks",
				);
				MARKETING_VERSION = 1.0;
				PRODUCT_BUNDLE_IDENTIFIER = es.estech.TiendaUI;
				PRODUCT_NAME = "$(TARGET_NAME)";
				SWIFT_EMIT_LOC_STRINGS = YES;
				SWIFT_VERSION = 5.0;
				TARGETED_DEVICE_FAMILY = "1,2";
			};
			name = Debug;
		};
		3DB227F02B83E1DF00FC14E7 /* Release */ = {
			isa = XCBuildConfiguration;
			buildSettings = {
				ASSETCATALOG_COMPILER_APPICON_NAME = AppIcon;
				ASSETCATALOG_COMPILER_GLOBAL_ACCENT_COLOR_NAME = AccentColor;
				CODE_SIGN_STYLE = Automatic;
				CURRENT_PROJECT_VERSION = 1;
				DEVELOPMENT_ASSET_PATHS = "\"TiendaUI/Preview Content\"";
				ENABLE_PREVIEWS = YES;
				GENERATE_INFOPLIST_FILE = YES;
				INFOPLIST_KEY_UIApplicationSceneManifest_Generation = YES;
				INFOPLIST_KEY_UIApplicationSupportsIndirectInputEvents = YES;
				INFOPLIST_KEY_UILaunchScreen_Generation = YES;
				INFOPLIST_KEY_UISupportedInterfaceOrientations_iPad = "UIInterfaceOrientationPortrait UIInterfaceOrientationPortraitUpsideDown UIInterfaceOrientationLandscapeLeft UIInterfaceOrientationLandscapeRight";
				INFOPLIST_KEY_UISupportedInterfaceOrientations_iPhone = "UIInterfaceOrientationPortrait UIInterfaceOrientationLandscapeLeft UIInterfaceOrientationLandscapeRight";
				LD_RUNPATH_SEARCH_PATHS = (
					"$(inherited)",
					"@executable_path/Frameworks",
				);
				MARKETING_VERSION = 1.0;
				PRODUCT_BUNDLE_IDENTIFIER = es.estech.TiendaUI;
				PRODUCT_NAME = "$(TARGET_NAME)";
				SWIFT_EMIT_LOC_STRINGS = YES;
				SWIFT_VERSION = 5.0;
				TARGETED_DEVICE_FAMILY = "1,2";
			};
			name = Release;
		};
/* End XCBuildConfiguration section */

/* Begin XCConfigurationList section */
		3DB227DB2B83E1D300FC14E7 /* Build configuration list for PBXProject "TiendaUI" */ = {
			isa = XCConfigurationList;
			buildConfigurations = (
				3DB227EC2B83E1DF00FC14E7 /* Debug */,
				3DB227ED2B83E1DF00FC14E7 /* Release */,
			);
			defaultConfigurationIsVisible = 0;
			defaultConfigurationName = Release;
		};
		3DB227EE2B83E1DF00FC14E7 /* Build configuration list for PBXNativeTarget "TiendaUI" */ = {
			isa = XCConfigurationList;
			buildConfigurations = (
				3DB227EF2B83E1DF00FC14E7 /* Debug */,
				3DB227F02B83E1DF00FC14E7 /* Release */,
			);
			defaultConfigurationIsVisible = 0;
			defaultConfigurationName = Release;
		};
/* End XCConfigurationList section */
	};
	rootObject = 3DB227D82B83E1D300FC14E7 /* Project object */;
}
